
Microsoft Visual Studio Solution File, Format Version 12.00
# Visual Studio Version 16
VisualStudioVersion = 16.0.30804.86
MinimumVisualStudioVersion = 10.0.40219.1
Project("{9092AA53-FB77-4645-B42D-1CCCA6BD08BD}") = "OZP_buffer_stat", "OZP_buffer_stat.njsproj", "{80074C3B-D4FE-48DE-BEF2-92769771D824}"
EndProject
Global
	GlobalSection(SolutionConfigurationPlatforms) = preSolution
		Debug|Any CPU = Debug|Any CPU
		Release|Any CPU = Release|Any CPU
	EndGlobalSection
	GlobalSection(ProjectConfigurationPlatforms) = postSolution
		{80074C3B-D4FE-48DE-BEF2-92769771D824}.Debug|Any CPU.ActiveCfg = Debug|Any CPU
		{80074C3B-D4FE-48DE-BEF2-92769771D824}.Debug|Any CPU.Build.0 = Debug|Any CPU
		{80074C3B-D4FE-48DE-BEF2-92769771D824}.Release|Any CPU.ActiveCfg = Release|Any CPU
		{80074C3B-D4FE-48DE-BEF2-92769771D824}.Release|Any CPU.Build.0 = Release|Any CPU
	EndGlobalSection
	GlobalSection(SolutionProperties) = preSolution
		HideSolutionNode = FALSE
	EndGlobalSection
	GlobalSection(ExtensibilityGlobals) = postSolution
		SolutionGuid = {3DD56D56-95D8-4CF1-969F-E3940F3B534B}
	EndGlobalSection
EndGlobal
